
Microsoft Visual Studio Solution File, Format Version 12.00
# Visual Studio 14
VisualStudioVersion = 14.0.25420.1
MinimumVisualStudioVersion = 10.0.40219.1
Project("{FAE04EC0-301F-11D3-BF4B-00C04F79EFBC}") = "OpenGLTest", "OpenGLTest\OpenGLTest.csproj", "{2508DAE9-C029-49DA-BA99-0669339FFF25}"
EndProject
Project("{FAE04EC0-301F-11D3-BF4B-00C04F79EFBC}") = "HelloTriangle.WPF", "HelloTriangle.WPF\HelloTriangle.WPF.csproj", "{508A525E-C6B0-41F4-8236-FFAB023A3BDA}"
EndProject
Project("{FAE04EC0-301F-11D3-BF4B-00C04F79EFBC}") = "HelloTriangle", "HelloTriangle\HelloTriangle.csproj", "{4A366686-E6AF-4AF0-9199-8BE691A5A392}"
EndProject
Global
	GlobalSection(SolutionConfigurationPlatforms) = preSolution
		Debug|Any CPU = Debug|Any CPU
		Release|Any CPU = Release|Any CPU
	EndGlobalSection
	GlobalSection(ProjectConfigurationPlatforms) = postSolution
		{2508DAE9-C029-49DA-BA99-0669339FFF25}.Debug|Any CPU.ActiveCfg = Debug|Any CPU
		{2508DAE9-C029-49DA-BA99-0669339FFF25}.Debug|Any CPU.Build.0 = Debug|Any CPU
		{2508DAE9-C029-49DA-BA99-0669339FFF25}.Release|Any CPU.ActiveCfg = Release|Any CPU
		{2508DAE9-C029-49DA-BA99-0669339FFF25}.Release|Any CPU.Build.0 = Release|Any CPU
		{508A525E-C6B0-41F4-8236-FFAB023A3BDA}.Debug|Any CPU.ActiveCfg = Debug|Any CPU
		{508A525E-C6B0-41F4-8236-FFAB023A3BDA}.Debug|Any CPU.Build.0 = Debug|Any CPU
		{508A525E-C6B0-41F4-8236-FFAB023A3BDA}.Release|Any CPU.ActiveCfg = Release|Any CPU
		{508A525E-C6B0-41F4-8236-FFAB023A3BDA}.Release|Any CPU.Build.0 = Release|Any CPU
		{4A366686-E6AF-4AF0-9199-8BE691A5A392}.Debug|Any CPU.ActiveCfg = Debug|Any CPU
		{4A366686-E6AF-4AF0-9199-8BE691A5A392}.Debug|Any CPU.Build.0 = Debug|Any CPU
		{4A366686-E6AF-4AF0-9199-8BE691A5A392}.Release|Any CPU.ActiveCfg = Release|Any CPU
		{4A366686-E6AF-4AF0-9199-8BE691A5A392}.Release|Any CPU.Build.0 = Release|Any CPU
	EndGlobalSection
	GlobalSection(SolutionProperties) = preSolution
		HideSolutionNode = FALSE
	EndGlobalSection
EndGlobal
